GEM
  remote: https://rubygems.org/
  specs:
    base64 (0.2.0)
    bson (5.0.0)
    mongo (2.20.0)
      bson (>= 4.14.1, < 6.0.0)
    multi_json (1.13.1)
    mustermann (3.0.0)
      ruby2_keywords (~> 0.0.1)
    puma (3.11.4)
    rack (3.0.11)
    rack-protection (4.0.0)
      base64 (>= 0.1.0)
      rack (>= 3.0.0, < 4)
    rack-session (2.0.0)
      rack (>= 3.0.0)
    rackup (2.1.0)
      rack (>= 3)
      webrick (~> 1.8)
    ruby2_keywords (0.0.5)
    sinatra (4.0.0)
      mustermann (~> 3.0)
      rack (>= 3.0.0, < 4)
      rack-protection (= 4.0.0)
      rack-session (>= 2.0.0, < 3)
      tilt (~> 2.0)
    sinatra-contrib (4.0.0)
      multi_json (>= 0.0.2)
      mustermann (~> 3.0)
      rack-protection (= 4.0.0)
      sinatra (= 4.0.0)
      tilt (~> 2.0)
    sinatra-cross_origin (0.4.0)
    tilt (2.0.8)
    webrick (1.8.1)

PLATFORMS
  ruby

DEPENDENCIES
  mongo (~> 2.20.0)
  puma (~> 3.11.2)
  rackup (~> 2.1)
  sinatra (~> 4.0.0)
  sinatra-contrib
  sinatra-cross_origin (~> 0.4.0)

RUBY VERSION
   ruby 3.3.1p55

BUNDLED WITH
   2.5.10
